// !$*UTF8*$!
{
	archiveVersion = 1;
	classes = {
	};
	objectVersion = 46;
	objects = {

/* Begin PBXBuildFile section */
		2E8F2C24A0B96ED84A0DADE1 /* Pods.framework in Frameworks */ = {isa = PBXBuildFile; fileRef = 2BD098F4401FEF9C5556E02E /* Pods.framework */; };
		9F258C08E69EF62FE1FFBBAD /* Pods_My_First_IOS_AppTests.framework in Frameworks */ = {isa = PBXBuildFile; fileRef = 65EBD4E832AE0DB281060988 /* Pods_My_First_IOS_AppTests.framework */; };
		E252E1081C5629690047FD08 /* AppDelegate.swift in Sources */ = {isa = PBXBuildFile; fileRef = E252E1071C5629690047FD08 /* AppDelegate.swift */; };
		E252E10A1C5629690047FD08 /* ViewController.swift in Sources */ = {isa = PBXBuildFile; fileRef = E252E1091C5629690047FD08 /* ViewController.swift */; };
		E252E10F1C5629690047FD08 /* Assets.xcassets in Resources */ = {isa = PBXBuildFile; fileRef = E252E10E1C5629690047FD08 /* Assets.xcassets */; };
		E252E11D1C5629690047FD08 /* My_First_IOS_AppTests.swift in Sources */ = {isa = PBXBuildFile; fileRef = E252E11C1C5629690047FD08 /* My_First_IOS_AppTests.swift */; };
		E252E1281C5629690047FD08 /* My_First_IOS_AppUITests.swift in Sources */ = {isa = PBXBuildFile; fileRef = E252E1271C5629690047FD08 /* My_First_IOS_AppUITests.swift */; };
		E257EFFB1C5F7C5B00DBBD2F /* SubjectTableViewCell.swift in Sources */ = {isa = PBXBuildFile; fileRef = E257EFFA1C5F7C5B00DBBD2F /* SubjectTableViewCell.swift */; };
		E257EFFD1C5F88D400DBBD2F /* SubjectTableViewDataSource.swift in Sources */ = {isa = PBXBuildFile; fileRef = E257EFFC1C5F88D400DBBD2F /* SubjectTableViewDataSource.swift */; };
		E257EFFF1C5F903300DBBD2F /* SubjectTableViewNavigationDelegate.swift in Sources */ = {isa = PBXBuildFile; fileRef = E257EFFE1C5F903300DBBD2F /* SubjectTableViewNavigationDelegate.swift */; };
		E26968BF1C5940F2001A5BA9 /* Subject.swift in Sources */ = {isa = PBXBuildFile; fileRef = E26968BE1C5940F2001A5BA9 /* Subject.swift */; };
		E26968C31C59419B001A5BA9 /* GetSubjectList.swift in Sources */ = {isa = PBXBuildFile; fileRef = E26968C21C59419B001A5BA9 /* GetSubjectList.swift */; };
		E26968C51C5941AD001A5BA9 /* CreateSubject.swift in Sources */ = {isa = PBXBuildFile; fileRef = E26968C41C5941AD001A5BA9 /* CreateSubject.swift */; };
		E26968C71C5941B3001A5BA9 /* DeleteSubject.swift in Sources */ = {isa = PBXBuildFile; fileRef = E26968C61C5941B3001A5BA9 /* DeleteSubject.swift */; };
		E26968C91C5941BC001A5BA9 /* UpdateSubject.swift in Sources */ = {isa = PBXBuildFile; fileRef = E26968C81C5941BC001A5BA9 /* UpdateSubject.swift */; };
		E26968CB1C5941EA001A5BA9 /* SubjectRepository.swift in Sources */ = {isa = PBXBuildFile; fileRef = E26968CA1C5941EA001A5BA9 /* SubjectRepository.swift */; };
		E26968D01C594264001A5BA9 /* DataSourceProtocol.swift in Sources */ = {isa = PBXBuildFile; fileRef = E26968CF1C594264001A5BA9 /* DataSourceProtocol.swift */; };
		E26968D51C594377001A5BA9 /* SubjectRepositoryProtocol.swift in Sources */ = {isa = PBXBuildFile; fileRef = E26968D41C594377001A5BA9 /* SubjectRepositoryProtocol.swift */; };
		E26968DB1C59529C001A5BA9 /* GetSubject.swift in Sources */ = {isa = PBXBuildFile; fileRef = E26968DA1C59529C001A5BA9 /* GetSubject.swift */; };
		E26968DD1C595373001A5BA9 /* SubjectPresenter.swift in Sources */ = {isa = PBXBuildFile; fileRef = E26968DC1C595373001A5BA9 /* SubjectPresenter.swift */; };
		E26968DF1C5954C2001A5BA9 /* SubjectPresenterProtocol.swift in Sources */ = {isa = PBXBuildFile; fileRef = E26968DE1C5954C2001A5BA9 /* SubjectPresenterProtocol.swift */; };
		E26968E11C59575C001A5BA9 /* SubjectUI.swift in Sources */ = {isa = PBXBuildFile; fileRef = E26968E01C59575C001A5BA9 /* SubjectUI.swift */; };
		E26968E31C595789001A5BA9 /* LoadingUI.swift in Sources */ = {isa = PBXBuildFile; fileRef = E26968E21C595789001A5BA9 /* LoadingUI.swift */; };
		E26968E51C59581D001A5BA9 /* MessageUI.swift in Sources */ = {isa = PBXBuildFile; fileRef = E26968E41C59581D001A5BA9 /* MessageUI.swift */; };
		E26968E71C59588A001A5BA9 /* UseCase.swift in Sources */ = {isa = PBXBuildFile; fileRef = E26968E61C59588A001A5BA9 /* UseCase.swift */; };
		E26968E91C59593B001A5BA9 /* UI.swift in Sources */ = {isa = PBXBuildFile; fileRef = E26968E81C59593B001A5BA9 /* UI.swift */; };
		E26968EC1C59603B001A5BA9 /* MockDataSource.swift in Sources */ = {isa = PBXBuildFile; fileRef = E26968EB1C59603B001A5BA9 /* MockDataSource.swift */; };
		E26CA97A1C60A9A90048CC8C /* SQLiteDataSource.swift in Sources */ = {isa = PBXBuildFile; fileRef = E26CA9791C60A9A90048CC8C /* SQLiteDataSource.swift */; };
		E2A521891C5A6B7600168DAC /* ServiceLocator.swift in Sources */ = {isa = PBXBuildFile; fileRef = E2A521881C5A6B7600168DAC /* ServiceLocator.swift */; };
		E2A5218B1C5A7F0E00168DAC /* Main.storyboard in Resources */ = {isa = PBXBuildFile; fileRef = E2A5218A1C5A7F0E00168DAC /* Main.storyboard */; };
		E2CA0A911C6945F7004611F6 /* Main_ipad.storyboard in Resources */ = {isa = PBXBuildFile; fileRef = E2CA0A901C6945F7004611F6 /* Main_ipad.storyboard */; };
		E2DAC5591C60F9E600DECB8A /* SubjectEntity.swift in Sources */ = {isa = PBXBuildFile; fileRef = E2DAC5581C60F9E600DECB8A /* SubjectEntity.swift */; };
		E2E841791C628712002DB056 /* LaunchScreen.storyboard in Resources */ = {isa = PBXBuildFile; fileRef = E2E841781C628712002DB056 /* LaunchScreen.storyboard */; };
/* End PBXBuildFile section */

/* Begin PBXContainerItemProxy section */
		E252E1191C5629690047FD08 /* PBXContainerItemProxy */ = {
			isa = PBXContainerItemProxy;
			containerPortal = E252E0FC1C5629690047FD08 /* Project object */;
			proxyType = 1;
			remoteGlobalIDString = E252E1031C5629690047FD08;
			remoteInfo = "My First IOS App";
		};
		E252E1241C5629690047FD08 /* PBXContainerItemProxy */ = {
			isa = PBXContainerItemProxy;
			containerPortal = E252E0FC1C5629690047FD08 /* Project object */;
			proxyType = 1;
			remoteGlobalIDString = E252E1031C5629690047FD08;
			remoteInfo = "My First IOS App";
		};
/* End PBXContainerItemProxy section */

/* Begin PBXFileReference section */
		2BD098F4401FEF9C5556E02E /* Pods.framework */ = {isa = PBXFileReference; explicitFileType = wrapper.framework; includeInIndex = 0; path = Pods.framework; sourceTree = BUILT_PRODUCTS_DIR; };
		40CC989936D31E6E6431DECA /* Pods.release.xcconfig */ = {isa = PBXFileReference; includeInIndex = 1; lastKnownFileType = text.xcconfig; name = Pods.release.xcconfig; path = "Pods/Target Support Files/Pods/Pods.release.xcconfig"; sourceTree = "<group>"; };
		4B43114BEDC5727B89EE5D9A /* Pods-My First IOS AppTests.debug.xcconfig */ = {isa = PBXFileReference; includeInIndex = 1; lastKnownFileType = text.xcconfig; name = "Pods-My First IOS AppTests.debug.xcconfig"; path = "Pods/Target Support Files/Pods-My First IOS AppTests/Pods-My First IOS AppTests.debug.xcconfig"; sourceTree = "<group>"; };
		65EBD4E832AE0DB281060988 /* Pods_My_First_IOS_AppTests.framework */ = {isa = PBXFileReference; explicitFileType = wrapper.framework; includeInIndex = 0; path = Pods_My_First_IOS_AppTests.framework; sourceTree = BUILT_PRODUCTS_DIR; };
		7478F7A1BF70EB483A4A590F /* Pods.debug.xcconfig */ = {isa = PBXFileReference; includeInIndex = 1; lastKnownFileType = text.xcconfig; name = Pods.debug.xcconfig; path = "Pods/Target Support Files/Pods/Pods.debug.xcconfig"; sourceTree = "<group>"; };
		C19C9D1BF237E880FC6825F5 /* Pods-My First IOS AppTests.release.xcconfig */ = {isa = PBXFileReference; includeInIndex = 1; lastKnownFileType = text.xcconfig; name = "Pods-My First IOS AppTests.release.xcconfig"; path = "Pods/Target Support Files/Pods-My First IOS AppTests/Pods-My First IOS AppTests.release.xcconfig"; sourceTree = "<group>"; };
		E252E1041C5629690047FD08 /* My First IOS App.app */ = {isa = PBXFileReference; explicitFileType = wrapper.application; includeInIndex = 0; path = "My First IOS App.app"; sourceTree = BUILT_PRODUCTS_DIR; };
		E252E1071C5629690047FD08 /* AppDelegate.swift */ = {isa = PBXFileReference; lastKnownFileType = sourcecode.swift; path = AppDelegate.swift; sourceTree = "<group>"; };
		E252E1091C5629690047FD08 /* ViewController.swift */ = {isa = PBXFileReference; lastKnownFileType = sourcecode.swift; path = ViewController.swift; sourceTree = "<group>"; };
		E252E10E1C5629690047FD08 /* Assets.xcassets */ = {isa = PBXFileReference; lastKnownFileType = folder.assetcatalog; path = Assets.xcassets; sourceTree = "<group>"; };
		E252E1131C5629690047FD08 /* Info.plist */ = {isa = PBXFileReference; lastKnownFileType = text.plist.xml; path = Info.plist; sourceTree = "<group>"; };
		E252E1181C5629690047FD08 /* My First IOS AppTests.xctest */ = {isa = PBXFileReference; explicitFileType = wrapper.cfbundle; includeInIndex = 0; path = "My First IOS AppTests.xctest"; sourceTree = BUILT_PRODUCTS_DIR; };
		E252E11C1C5629690047FD08 /* My_First_IOS_AppTests.swift */ = {isa = PBXFileReference; lastKnownFileType = sourcecode.swift; path = My_First_IOS_AppTests.swift; sourceTree = "<group>"; };
		E252E11E1C5629690047FD08 /* Info.plist */ = {isa = PBXFileReference; lastKnownFileType = text.plist.xml; path = Info.plist; sourceTree = "<group>"; };
		E252E1231C5629690047FD08 /* My First IOS AppUITests.xctest */ = {isa = PBXFileReference; explicitFileType = wrapper.cfbundle; includeInIndex = 0; path = "My First IOS AppUITests.xctest"; sourceTree = BUILT_PRODUCTS_DIR; };
		E252E1271C5629690047FD08 /* My_First_IOS_AppUITests.swift */ = {isa = PBXFileReference; lastKnownFileType = sourcecode.swift; path = My_First_IOS_AppUITests.swift; sourceTree = "<group>"; };
		E252E1291C5629690047FD08 /* Info.plist */ = {isa = PBXFileReference; lastKnownFileType = text.plist.xml; path = Info.plist; sourceTree = "<group>"; };
		E257EFFA1C5F7C5B00DBBD2F /* SubjectTableViewCell.swift */ = {isa = PBXFileReference; fileEncoding = 4; lastKnownFileType = sourcecode.swift; path = SubjectTableViewCell.swift; sourceTree = "<group>"; };
		E257EFFC1C5F88D400DBBD2F /* SubjectTableViewDataSource.swift */ = {isa = PBXFileReference; fileEncoding = 4; lastKnownFileType = sourcecode.swift; path = SubjectTableViewDataSource.swift; sourceTree = "<group>"; };
		E257EFFE1C5F903300DBBD2F /* SubjectTableViewNavigationDelegate.swift */ = {isa = PBXFileReference; fileEncoding = 4; lastKnownFileType = sourcecode.swift; path = SubjectTableViewNavigationDelegate.swift; sourceTree = "<group>"; };
		E26968BE1C5940F2001A5BA9 /* Subject.swift */ = {isa = PBXFileReference; fileEncoding = 4; lastKnownFileType = sourcecode.swift; path = Subject.swift; sourceTree = "<group>"; };
		E26968C21C59419B001A5BA9 /* GetSubjectList.swift */ = {isa = PBXFileReference; fileEncoding = 4; lastKnownFileType = sourcecode.swift; path = GetSubjectList.swift; sourceTree = "<group>"; };
		E26968C41C5941AD001A5BA9 /* CreateSubject.swift */ = {isa = PBXFileReference; fileEncoding = 4; lastKnownFileType = sourcecode.swift; path = CreateSubject.swift; sourceTree = "<group>"; };
		E26968C61C5941B3001A5BA9 /* DeleteSubject.swift */ = {isa = PBXFileReference; fileEncoding = 4; lastKnownFileType = sourcecode.swift; path = DeleteSubject.swift; sourceTree = "<group>"; };
		E26968C81C5941BC001A5BA9 /* UpdateSubject.swift */ = {isa = PBXFileReference; fileEncoding = 4; lastKnownFileType = sourcecode.swift; path = UpdateSubject.swift; sourceTree = "<group>"; };
		E26968CA1C5941EA001A5BA9 /* SubjectRepository.swift */ = {isa = PBXFileReference; fileEncoding = 4; lastKnownFileType = sourcecode.swift; path = SubjectRepository.swift; sourceTree = "<group>"; };
		E26968CF1C594264001A5BA9 /* DataSourceProtocol.swift */ = {isa = PBXFileReference; fileEncoding = 4; lastKnownFileType = sourcecode.swift; path = DataSourceProtocol.swift; sourceTree = "<group>"; };
		E26968D41C594377001A5BA9 /* SubjectRepositoryProtocol.swift */ = {isa = PBXFileReference; fileEncoding = 4; lastKnownFileType = sourcecode.swift; path = SubjectRepositoryProtocol.swift; sourceTree = "<group>"; };
		E26968DA1C59529C001A5BA9 /* GetSubject.swift */ = {isa = PBXFileReference; fileEncoding = 4; lastKnownFileType = sourcecode.swift; path = GetSubject.swift; sourceTree = "<group>"; };
		E26968DC1C595373001A5BA9 /* SubjectPresenter.swift */ = {isa = PBXFileReference; fileEncoding = 4; lastKnownFileType = sourcecode.swift; path = SubjectPresenter.swift; sourceTree = "<group>"; };
		E26968DE1C5954C2001A5BA9 /* SubjectPresenterProtocol.swift */ = {isa = PBXFileReference; fileEncoding = 4; lastKnownFileType = sourcecode.swift; path = SubjectPresenterProtocol.swift; sourceTree = "<group>"; };
		E26968E01C59575C001A5BA9 /* SubjectUI.swift */ = {isa = PBXFileReference; fileEncoding = 4; lastKnownFileType = sourcecode.swift; path = SubjectUI.swift; sourceTree = "<group>"; };
		E26968E21C595789001A5BA9 /* LoadingUI.swift */ = {isa = PBXFileReference; fileEncoding = 4; lastKnownFileType = sourcecode.swift; path = LoadingUI.swift; sourceTree = "<group>"; };
		E26968E41C59581D001A5BA9 /* MessageUI.swift */ = {isa = PBXFileReference; fileEncoding = 4; lastKnownFileType = sourcecode.swift; path = MessageUI.swift; sourceTree = "<group>"; };
		E26968E61C59588A001A5BA9 /* UseCase.swift */ = {isa = PBXFileReference; fileEncoding = 4; lastKnownFileType = sourcecode.swift; path = UseCase.swift; sourceTree = "<group>"; };
		E26968E81C59593B001A5BA9 /* UI.swift */ = {isa = PBXFileReference; fileEncoding = 4; lastKnownFileType = sourcecode.swift; path = UI.swift; sourceTree = "<group>"; };
		E26968EB1C59603B001A5BA9 /* MockDataSource.swift */ = {isa = PBXFileReference; fileEncoding = 4; lastKnownFileType = sourcecode.swift; path = MockDataSource.swift; sourceTree = "<group>"; };
		E26CA9791C60A9A90048CC8C /* SQLiteDataSource.swift */ = {isa = PBXFileReference; fileEncoding = 4; lastKnownFileType = sourcecode.swift; path = SQLiteDataSource.swift; sourceTree = "<group>"; };
		E2A521881C5A6B7600168DAC /* ServiceLocator.swift */ = {isa = PBXFileReference; fileEncoding = 4; lastKnownFileType = sourcecode.swift; path = ServiceLocator.swift; sourceTree = "<group>"; };
		E2A5218A1C5A7F0E00168DAC /* Main.storyboard */ = {isa = PBXFileReference; fileEncoding = 4; lastKnownFileType = file.storyboard; path = Main.storyboard; sourceTree = "<group>"; };
		E2CA0A901C6945F7004611F6 /* Main_ipad.storyboard */ = {isa = PBXFileReference; fileEncoding = 4; lastKnownFileType = file.storyboard; name = Main_ipad.storyboard; path = "/Users/toni/Documents/Trabajos/swift/My First IOS App/My First IOS App/Main_ipad.storyboard"; sourceTree = "<absolute>"; };
		E2DAC5581C60F9E600DECB8A /* SubjectEntity.swift */ = {isa = PBXFileReference; fileEncoding = 4; lastKnownFileType = sourcecode.swift; path = SubjectEntity.swift; sourceTree = "<group>"; };
		E2E841781C628712002DB056 /* LaunchScreen.storyboard */ = {isa = PBXFileReference; fileEncoding = 4; lastKnownFileType = file.storyboard; path = LaunchScreen.storyboard; sourceTree = "<group>"; };
/* End PBXFileReference section */

/* Begin PBXFrameworksBuildPhase section */
		E252E1011C5629690047FD08 /* Frameworks */ = {
			isa = PBXFrameworksBuildPhase;
			buildActionMask = 2147483647;
			files = (
				2E8F2C24A0B96ED84A0DADE1 /* Pods.framework in Frameworks */,
			);
			runOnlyForDeploymentPostprocessing = 0;
		};
		E252E1151C5629690047FD08 /* Frameworks */ = {
			isa = PBXFrameworksBuildPhase;
			buildActionMask = 2147483647;
			files = (
				9F258C08E69EF62FE1FFBBAD /* Pods_My_First_IOS_AppTests.framework in Frameworks */,
			);
			runOnlyForDeploymentPostprocessing = 0;
		};
		E252E1201C5629690047FD08 /* Frameworks */ = {
			isa = PBXFrameworksBuildPhase;
			buildActionMask = 2147483647;
			files = (
			);
			runOnlyForDeploymentPostprocessing = 0;
		};
/* End PBXFrameworksBuildPhase section */

/* Begin PBXGroup section */
		0A57E5105F94F6F259DB5579 /* Frameworks */ = {
			isa = PBXGroup;
			children = (
				2BD098F4401FEF9C5556E02E /* Pods.framework */,
				65EBD4E832AE0DB281060988 /* Pods_My_First_IOS_AppTests.framework */,
			);
			name = Frameworks;
			sourceTree = "<group>";
		};
		C000FB0B4D15AC56D6D08AC5 /* Pods */ = {
			isa = PBXGroup;
			children = (
				7478F7A1BF70EB483A4A590F /* Pods.debug.xcconfig */,
				40CC989936D31E6E6431DECA /* Pods.release.xcconfig */,
				4B43114BEDC5727B89EE5D9A /* Pods-My First IOS AppTests.debug.xcconfig */,
				C19C9D1BF237E880FC6825F5 /* Pods-My First IOS AppTests.release.xcconfig */,
			);
			name = Pods;
			sourceTree = "<group>";
		};
		E252E0FB1C5629690047FD08 = {
			isa = PBXGroup;
			children = (
				E252E1061C5629690047FD08 /* My First IOS App */,
				E252E11B1C5629690047FD08 /* My First IOS AppTests */,
				E252E1261C5629690047FD08 /* My First IOS AppUITests */,
				E252E1051C5629690047FD08 /* Products */,
				C000FB0B4D15AC56D6D08AC5 /* Pods */,
				0A57E5105F94F6F259DB5579 /* Frameworks */,
			);
			sourceTree = "<group>";
		};
		E252E1051C5629690047FD08 /* Products */ = {
			isa = PBXGroup;
			children = (
				E252E1041C5629690047FD08 /* My First IOS App.app */,
				E252E1181C5629690047FD08 /* My First IOS AppTests.xctest */,
				E252E1231C5629690047FD08 /* My First IOS AppUITests.xctest */,
			);
			name = Products;
			sourceTree = "<group>";
		};
		E252E1061C5629690047FD08 /* My First IOS App */ = {
			isa = PBXGroup;
			children = (
				E26968BA1C59408D001A5BA9 /* SubjectListApp */,
				E252E1071C5629690047FD08 /* AppDelegate.swift */,
				E2A5218A1C5A7F0E00168DAC /* Main.storyboard */,
				E2CA0A901C6945F7004611F6 /* Main_ipad.storyboard */,
				E2E841781C628712002DB056 /* LaunchScreen.storyboard */,
				E252E1091C5629690047FD08 /* ViewController.swift */,
				E252E10E1C5629690047FD08 /* Assets.xcassets */,
				E252E1131C5629690047FD08 /* Info.plist */,
				E2A521881C5A6B7600168DAC /* ServiceLocator.swift */,
			);
			path = "My First IOS App";
			sourceTree = "<group>";
		};
		E252E11B1C5629690047FD08 /* My First IOS AppTests */ = {
			isa = PBXGroup;
			children = (
				E252E11C1C5629690047FD08 /* My_First_IOS_AppTests.swift */,
				E252E11E1C5629690047FD08 /* Info.plist */,
			);
			path = "My First IOS AppTests";
			sourceTree = "<group>";
		};
		E252E1261C5629690047FD08 /* My First IOS AppUITests */ = {
			isa = PBXGroup;
			children = (
				E252E1271C5629690047FD08 /* My_First_IOS_AppUITests.swift */,
				E252E1291C5629690047FD08 /* Info.plist */,
			);
			path = "My First IOS AppUITests";
			sourceTree = "<group>";
		};
		E26968BA1C59408D001A5BA9 /* SubjectListApp */ = {
			isa = PBXGroup;
			children = (
				E26968CC1C594240001A5BA9 /* Respositories */,
				E26968BD1C5940E0001A5BA9 /* Presenter */,
				E26968BC1C5940D8001A5BA9 /* View */,
				E26968BB1C5940D1001A5BA9 /* Model */,
			);
			name = SubjectListApp;
			sourceTree = "<group>";
		};
		E26968BB1C5940D1001A5BA9 /* Model */ = {
			isa = PBXGroup;
			children = (
				E26968C01C594145001A5BA9 /* UseCase */,
				E26968BE1C5940F2001A5BA9 /* Subject.swift */,
				E26968CA1C5941EA001A5BA9 /* SubjectRepository.swift */,
			);
			name = Model;
			sourceTree = "<group>";
		};
		E26968BC1C5940D8001A5BA9 /* View */ = {
			isa = PBXGroup;
			children = (
				E2A521851C5A3CB100168DAC /* Table View */,
				E26968E01C59575C001A5BA9 /* SubjectUI.swift */,
				E26968E21C595789001A5BA9 /* LoadingUI.swift */,
				E26968E41C59581D001A5BA9 /* MessageUI.swift */,
				E26968E81C59593B001A5BA9 /* UI.swift */,
			);
			name = View;
			sourceTree = "<group>";
		};
		E26968BD1C5940E0001A5BA9 /* Presenter */ = {
			isa = PBXGroup;
			children = (
				E26968DC1C595373001A5BA9 /* SubjectPresenter.swift */,
				E26968DE1C5954C2001A5BA9 /* SubjectPresenterProtocol.swift */,
			);
			name = Presenter;
			sourceTree = "<group>";
		};
		E26968C01C594145001A5BA9 /* UseCase */ = {
			isa = PBXGroup;
			children = (
				E26968C21C59419B001A5BA9 /* GetSubjectList.swift */,
				E26968C41C5941AD001A5BA9 /* CreateSubject.swift */,
				E26968C61C5941B3001A5BA9 /* DeleteSubject.swift */,
				E26968C81C5941BC001A5BA9 /* UpdateSubject.swift */,
				E26968DA1C59529C001A5BA9 /* GetSubject.swift */,
				E26968E61C59588A001A5BA9 /* UseCase.swift */,
			);
			name = UseCase;
			sourceTree = "<group>";
		};
		E26968CC1C594240001A5BA9 /* Respositories */ = {
			isa = PBXGroup;
			children = (
				E26CA9781C60A9940048CC8C /* SQLite */,
				E26968EA1C596023001A5BA9 /* Mock */,
				E26968CF1C594264001A5BA9 /* DataSourceProtocol.swift */,
				E26968D41C594377001A5BA9 /* SubjectRepositoryProtocol.swift */,
			);
			name = Respositories;
			sourceTree = "<group>";
		};
		E26968EA1C596023001A5BA9 /* Mock */ = {
			isa = PBXGroup;
			children = (
				E26968EB1C59603B001A5BA9 /* MockDataSource.swift */,
			);
			name = Mock;
			sourceTree = "<group>";
		};
		E26CA9781C60A9940048CC8C /* SQLite */ = {
			isa = PBXGroup;
			children = (
				E2DAC5571C60F9DD00DECB8A /* Model */,
				E26CA9791C60A9A90048CC8C /* SQLiteDataSource.swift */,
			);
			name = SQLite;
			sourceTree = "<group>";
		};
		E2A521851C5A3CB100168DAC /* Table View */ = {
			isa = PBXGroup;
			children = (
				E257EFFA1C5F7C5B00DBBD2F /* SubjectTableViewCell.swift */,
				E257EFFC1C5F88D400DBBD2F /* SubjectTableViewDataSource.swift */,
				E257EFFE1C5F903300DBBD2F /* SubjectTableViewNavigationDelegate.swift */,
			);
			name = "Table View";
			sourceTree = "<group>";
		};
		E2DAC5571C60F9DD00DECB8A /* Model */ = {
			isa = PBXGroup;
			children = (
				E2DAC5581C60F9E600DECB8A /* SubjectEntity.swift */,
			);
			name = Model;
			sourceTree = "<group>";
		};
/* End PBXGroup section */

/* Begin PBXNativeTarget section */
		E252E1031C5629690047FD08 /* My First IOS App */ = {
			isa = PBXNativeTarget;
			buildConfigurationList = E252E12C1C5629690047FD08 /* Build configuration list for PBXNativeTarget "My First IOS App" */;
			buildPhases = (
				02D1A3746C9E869F8DD84DFA /* Check Pods Manifest.lock */,
				E252E1001C5629690047FD08 /* Sources */,
				E252E1011C5629690047FD08 /* Frameworks */,
				E252E1021C5629690047FD08 /* Resources */,
				125219D45D753843F6B2C78D /* Embed Pods Frameworks */,
				B60BE53BFBF0D5458DDC0A1A /* Copy Pods Resources */,
			);
			buildRules = (
			);
			dependencies = (
			);
			name = "My First IOS App";
			productName = "My First IOS App";
			productReference = E252E1041C5629690047FD08 /* My First IOS App.app */;
			productType = "com.apple.product-type.application";
		};
		E252E1171C5629690047FD08 /* My First IOS AppTests */ = {
			isa = PBXNativeTarget;
			buildConfigurationList = E252E12F1C5629690047FD08 /* Build configuration list for PBXNativeTarget "My First IOS AppTests" */;
			buildPhases = (
				44019895B8483715E04F905C /* Check Pods Manifest.lock */,
				E252E1141C5629690047FD08 /* Sources */,
				E252E1151C5629690047FD08 /* Frameworks */,
				E252E1161C5629690047FD08 /* Resources */,
				94A1CE13FD2960FE6A1A7BBE /* Embed Pods Frameworks */,
				EDE4E2D18D33B1529B1B24CF /* Copy Pods Resources */,
			);
			buildRules = (
			);
			dependencies = (
				E252E11A1C5629690047FD08 /* PBXTargetDependency */,
			);
			name = "My First IOS AppTests";
			productName = "My First IOS AppTests";
			productReference = E252E1181C5629690047FD08 /* My First IOS AppTests.xctest */;
			productType = "com.apple.product-type.bundle.unit-test";
		};
		E252E1221C5629690047FD08 /* My First IOS AppUITests */ = {
			isa = PBXNativeTarget;
			buildConfigurationList = E252E1321C5629690047FD08 /* Build configuration list for PBXNativeTarget "My First IOS AppUITests" */;
			buildPhases = (
				E252E11F1C5629690047FD08 /* Sources */,
				E252E1201C5629690047FD08 /* Frameworks */,
				E252E1211C5629690047FD08 /* Resources */,
			);
			buildRules = (
			);
			dependencies = (
				E252E1251C5629690047FD08 /* PBXTargetDependency */,
			);
			name = "My First IOS AppUITests";
			productName = "My First IOS AppUITests";
			productReference = E252E1231C5629690047FD08 /* My First IOS AppUITests.xctest */;
			productType = "com.apple.product-type.bundle.ui-testing";
		};
/* End PBXNativeTarget section */

/* Begin PBXProject section */
		E252E0FC1C5629690047FD08 /* Project object */ = {
			isa = PBXProject;
			attributes = {
				LastSwiftUpdateCheck = 0720;
				LastUpgradeCheck = 0720;
				ORGANIZATIONNAME = "Antonio López Marín";
				TargetAttributes = {
					E252E1031C5629690047FD08 = {
						CreatedOnToolsVersion = 7.2;
					};
					E252E1171C5629690047FD08 = {
						CreatedOnToolsVersion = 7.2;
						TestTargetID = E252E1031C5629690047FD08;
					};
					E252E1221C5629690047FD08 = {
						CreatedOnToolsVersion = 7.2;
						TestTargetID = E252E1031C5629690047FD08;
					};
				};
			};
			buildConfigurationList = E252E0FF1C5629690047FD08 /* Build configuration list for PBXProject "My First IOS App" */;
			compatibilityVersion = "Xcode 3.2";
			developmentRegion = English;
			hasScannedForEncodings = 0;
			knownRegions = (
				en,
				Base,
			);
			mainGroup = E252E0FB1C5629690047FD08;
			productRefGroup = E252E1051C5629690047FD08 /* Products */;
			projectDirPath = "";
			projectRoot = "";
			targets = (
				E252E1031C5629690047FD08 /* My First IOS App */,
				E252E1171C5629690047FD08 /* My First IOS AppTests */,
				E252E1221C5629690047FD08 /* My First IOS AppUITests */,
			);
		};
/* End PBXProject section */

/* Begin PBXResourcesBuildPhase section */
		E252E1021C5629690047FD08 /* Resources */ = {
			isa = PBXResourcesBuildPhase;
			buildActionMask = 2147483647;
			files = (
				E2E841791C628712002DB056 /* LaunchScreen.storyboard in Resources */,
				E2CA0A911C6945F7004611F6 /* Main_ipad.storyboard in Resources */,
				E2A5218B1C5A7F0E00168DAC /* Main.storyboard in Resources */,
				E252E10F1C5629690047FD08 /* Assets.xcassets in Resources */,
			);
			runOnlyForDeploymentPostprocessing = 0;
		};
		E252E1161C5629690047FD08 /* Resources */ = {
			isa = PBXResourcesBuildPhase;
			buildActionMask = 2147483647;
			files = (
			);
			runOnlyForDeploymentPostprocessing = 0;
		};
		E252E1211C5629690047FD08 /* Resources */ = {
			isa = PBXResourcesBuildPhase;
			buildActionMask = 2147483647;
			files = (
			);
			runOnlyForDeploymentPostprocessing = 0;
		};
/* End PBXResourcesBuildPhase section */

/* Begin PBXShellScriptBuildPhase section */
		02D1A3746C9E869F8DD84DFA /* Check Pods Manifest.lock */ = {
			isa = PBXShellScriptBuildPhase;
			buildActionMask = 2147483647;
			files = (
			);
			inputPaths = (
			);
			name = "Check Pods Manifest.lock";
			outputPaths = (
			);
			runOnlyForDeploymentPostprocessing = 0;
			shellPath = /bin/sh;
			shellScript = "diff \"${PODS_ROOT}/../Podfile.lock\" \"${PODS_ROOT}/Manifest.lock\" > /dev/null\nif [[ $? != 0 ]] ; then\n    cat << EOM\nerror: The sandbox is not in sync with the Podfile.lock. Run 'pod install' or update your CocoaPods installation.\nEOM\n    exit 1\nfi\n";
			showEnvVarsInLog = 0;
		};
		125219D45D753843F6B2C78D /* Embed Pods Frameworks */ = {
			isa = PBXShellScriptBuildPhase;
			buildActionMask = 2147483647;
			files = (
			);
			inputPaths = (
			);
			name = "Embed Pods Frameworks";
			outputPaths = (
			);
			runOnlyForDeploymentPostprocessing = 0;
			shellPath = /bin/sh;
			shellScript = "\"${SRCROOT}/Pods/Target Support Files/Pods/Pods-frameworks.sh\"\n";
			showEnvVarsInLog = 0;
		};
		44019895B8483715E04F905C /* Check Pods Manifest.lock */ = {
			isa = PBXShellScriptBuildPhase;
			buildActionMask = 2147483647;
			files = (
			);
			inputPaths = (
			);
			name = "Check Pods Manifest.lock";
			outputPaths = (
			);
			runOnlyForDeploymentPostprocessing = 0;
			shellPath = /bin/sh;
			shellScript = "diff \"${PODS_ROOT}/../Podfile.lock\" \"${PODS_ROOT}/Manifest.lock\" > /dev/null\nif [[ $? != 0 ]] ; then\n    cat << EOM\nerror: The sandbox is not in sync with the Podfile.lock. Run 'pod install' or update your CocoaPods installation.\nEOM\n    exit 1\nfi\n";
			showEnvVarsInLog = 0;
		};
		94A1CE13FD2960FE6A1A7BBE /* Embed Pods Frameworks */ = {
			isa = PBXShellScriptBuildPhase;
			buildActionMask = 2147483647;
			files = (
			);
			inputPaths = (
			);
			name = "Embed Pods Frameworks";
			outputPaths = (
			);
			runOnlyForDeploymentPostprocessing = 0;
			shellPath = /bin/sh;
			shellScript = "\"${SRCROOT}/Pods/Target Support Files/Pods-My First IOS AppTests/Pods-My First IOS AppTests-frameworks.sh\"\n";
			showEnvVarsInLog = 0;
		};
		B60BE53BFBF0D5458DDC0A1A /* Copy Pods Resources */ = {
			isa = PBXShellScriptBuildPhase;
			buildActionMask = 2147483647;
			files = (
			);
			inputPaths = (
			);
			name = "Copy Pods Resources";
			outputPaths = (
			);
			runOnlyForDeploymentPostprocessing = 0;
			shellPath = /bin/sh;
			shellScript = "\"${SRCROOT}/Pods/Target Support Files/Pods/Pods-resources.sh\"\n";
			showEnvVarsInLog = 0;
		};
		EDE4E2D18D33B1529B1B24CF /* Copy Pods Resources */ = {
			isa = PBXShellScriptBuildPhase;
			buildActionMask = 2147483647;
			files = (
			);
			inputPaths = (
			);
			name = "Copy Pods Resources";
			outputPaths = (
			);
			runOnlyForDeploymentPostprocessing = 0;
			shellPath = /bin/sh;
			shellScript = "\"${SRCROOT}/Pods/Target Support Files/Pods-My First IOS AppTests/Pods-My First IOS AppTests-resources.sh\"\n";
			showEnvVarsInLog = 0;
		};
/* End PBXShellScriptBuildPhase section */

/* Begin PBXSourcesBuildPhase section */
		E252E1001C5629690047FD08 /* Sources */ = {
			isa = PBXSourcesBuildPhase;
			buildActionMask = 2147483647;
			files = (
				E26968BF1C5940F2001A5BA9 /* Subject.swift in Sources */,
				E26968EC1C59603B001A5BA9 /* MockDataSource.swift in Sources */,
				E26968DF1C5954C2001A5BA9 /* SubjectPresenterProtocol.swift in Sources */,
				E26968E11C59575C001A5BA9 /* SubjectUI.swift in Sources */,
				E26968C71C5941B3001A5BA9 /* DeleteSubject.swift in Sources */,
				E2DAC5591C60F9E600DECB8A /* SubjectEntity.swift in Sources */,
				E26968E31C595789001A5BA9 /* LoadingUI.swift in Sources */,
				E26968D51C594377001A5BA9 /* SubjectRepositoryProtocol.swift in Sources */,
				E26968CB1C5941EA001A5BA9 /* SubjectRepository.swift in Sources */,
				E26968E71C59588A001A5BA9 /* UseCase.swift in Sources */,
				E26968D01C594264001A5BA9 /* DataSourceProtocol.swift in Sources */,
				E257EFFB1C5F7C5B00DBBD2F /* SubjectTableViewCell.swift in Sources */,
				E26968DD1C595373001A5BA9 /* SubjectPresenter.swift in Sources */,
				E252E10A1C5629690047FD08 /* ViewController.swift in Sources */,
				E26968E91C59593B001A5BA9 /* UI.swift in Sources */,
				E257EFFD1C5F88D400DBBD2F /* SubjectTableViewDataSource.swift in Sources */,
				E257EFFF1C5F903300DBBD2F /* SubjectTableViewNavigationDelegate.swift in Sources */,
				E26968C51C5941AD001A5BA9 /* CreateSubject.swift in Sources */,
				E26968DB1C59529C001A5BA9 /* GetSubject.swift in Sources */,
				E26CA97A1C60A9A90048CC8C /* SQLiteDataSource.swift in Sources */,
				E252E1081C5629690047FD08 /* AppDelegate.swift in Sources */,
				E2A521891C5A6B7600168DAC /* ServiceLocator.swift in Sources */,
				E26968E51C59581D001A5BA9 /* MessageUI.swift in Sources */,
				E26968C91C5941BC001A5BA9 /* UpdateSubject.swift in Sources */,
				E26968C31C59419B001A5BA9 /* GetSubjectList.swift in Sources */,
			);
			runOnlyForDeploymentPostprocessing = 0;
		};
		E252E1141C5629690047FD08 /* Sources */ = {
			isa = PBXSourcesBuildPhase;
			buildActionMask = 2147483647;
			files = (
				E252E11D1C5629690047FD08 /* My_First_IOS_AppTests.swift in Sources */,
			);
			runOnlyForDeploymentPostprocessing = 0;
		};
		E252E11F1C5629690047FD08 /* Sources */ = {
			isa = PBXSourcesBuildPhase;
			buildActionMask = 2147483647;
			files = (
				E252E1281C5629690047FD08 /* My_First_IOS_AppUITests.swift in Sources */,
			);
			runOnlyForDeploymentPostprocessing = 0;
		};
/* End PBXSourcesBuildPhase section */

/* Begin PBXTargetDependency section */
		E252E11A1C5629690047FD08 /* PBXTargetDependency */ = {
			isa = PBXTargetDependency;
			target = E252E1031C5629690047FD08 /* My First IOS App */;
			targetProxy = E252E1191C5629690047FD08 /* PBXContainerItemProxy */;
		};
		E252E1251C5629690047FD08 /* PBXTargetDependency */ = {
			isa = PBXTargetDependency;
			target = E252E1031C5629690047FD08 /* My First IOS App */;
			targetProxy = E252E1241C5629690047FD08 /* PBXContainerItemProxy */;
		};
/* End PBXTargetDependency section */

/* Begin XCBuildConfiguration section */
		E252E12A1C5629690047FD08 /* Debug */ = {
			isa = XCBuildConfiguration;
			buildSettings = {
				ALWAYS_SEARCH_USER_PATHS = NO;
				CLANG_CXX_LANGUAGE_STANDARD = "gnu++0x";
				CLANG_CXX_LIBRARY = "libc++";
				CLANG_ENABLE_MODULES = YES;
				CLANG_ENABLE_OBJC_ARC = YES;
				CLANG_WARN_BOOL_CONVERSION = YES;
				CLANG_WARN_CONSTANT_CONVERSION = YES;
				CLANG_WARN_DIRECT_OBJC_ISA_USAGE = YES_ERROR;
				CLANG_WARN_EMPTY_BODY = YES;
				CLANG_WARN_ENUM_CONVERSION = YES;
				CLANG_WARN_INT_CONVERSION = YES;
				CLANG_WARN_OBJC_ROOT_CLASS = YES_ERROR;
				CLANG_WARN_UNREACHABLE_CODE = YES;
				CLANG_WARN__DUPLICATE_METHOD_MATCH = YES;
				"CODE_SIGN_IDENTITY[sdk=iphoneos*]" = "iPhone Developer";
				COPY_PHASE_STRIP = NO;
				DEBUG_INFORMATION_FORMAT = dwarf;
				ENABLE_STRICT_OBJC_MSGSEND = YES;
				ENABLE_TESTABILITY = YES;
				GCC_C_LANGUAGE_STANDARD = gnu99;
				GCC_DYNAMIC_NO_PIC = NO;
				GCC_NO_COMMON_BLOCKS = YES;
				GCC_OPTIMIZATION_LEVEL = 0;
				GCC_PREPROCESSOR_DEFINITIONS = (
					"DEBUG=1",
					"$(inherited)",
				);
				GCC_WARN_64_TO_32_BIT_CONVERSION = YES;
				GCC_WARN_ABOUT_RETURN_TYPE = YES_ERROR;
				GCC_WARN_UNDECLARED_SELECTOR = YES;
				GCC_WARN_UNINITIALIZED_AUTOS = YES_AGGRESSIVE;
				GCC_WARN_UNUSED_FUNCTION = YES;
				GCC_WARN_UNUSED_VARIABLE = YES;
				IPHONEOS_DEPLOYMENT_TARGET = 9.2;
				MTL_ENABLE_DEBUG_INFO = YES;
				ONLY_ACTIVE_ARCH = YES;
				SDKROOT = iphoneos;
				SWIFT_OPTIMIZATION_LEVEL = "-Onone";
				TARGETED_DEVICE_FAMILY = "1,2";
			};
			name = Debug;
		};
		E252E12B1C5629690047FD08 /* Release */ = {
			isa = XCBuildConfiguration;
			buildSettings = {
				ALWAYS_SEARCH_USER_PATHS = NO;
				CLANG_CXX_LANGUAGE_STANDARD = "gnu++0x";
				CLANG_CXX_LIBRARY = "libc++";
				CLANG_ENABLE_MODULES = YES;
				CLANG_ENABLE_OBJC_ARC = YES;
				CLANG_WARN_BOOL_CONVERSION = YES;
				CLANG_WARN_CONSTANT_CONVERSION = YES;
				CLANG_WARN_DIRECT_OBJC_ISA_USAGE = YES_ERROR;
				CLANG_WARN_EMPTY_BODY = YES;
				CLANG_WARN_ENUM_CONVERSION = YES;
				CLANG_WARN_INT_CONVERSION = YES;
				CLANG_WARN_OBJC_ROOT_CLASS = YES_ERROR;
				CLANG_WARN_UNREACHABLE_CODE = YES;
				CLANG_WARN__DUPLICATE_METHOD_MATCH = YES;
				"CODE_SIGN_IDENTITY[sdk=iphoneos*]" = "iPhone Developer";
				COPY_PHASE_STRIP = NO;
				DEBUG_INFORMATION_FORMAT = "dwarf-with-dsym";
				ENABLE_NS_ASSERTIONS = NO;
				ENABLE_STRICT_OBJC_MSGSEND = YES;
				GCC_C_LANGUAGE_STANDARD = gnu99;
				GCC_NO_COMMON_BLOCKS = YES;
				GCC_WARN_64_TO_32_BIT_CONVERSION = YES;
				GCC_WARN_ABOUT_RETURN_TYPE = YES_ERROR;
				GCC_WARN_UNDECLARED_SELECTOR = YES;
				GCC_WARN_UNINITIALIZED_AUTOS = YES_AGGRESSIVE;
				GCC_WARN_UNUSED_FUNCTION = YES;
				GCC_WARN_UNUSED_VARIABLE = YES;
				IPHONEOS_DEPLOYMENT_TARGET = 9.2;
				MTL_ENABLE_DEBUG_INFO = NO;
				SDKROOT = iphoneos;
				TARGETED_DEVICE_FAMILY = "1,2";
				VALIDATE_PRODUCT = YES;
			};
			name = Release;
		};
		E252E12D1C5629690047FD08 /* Debug */ = {
			isa = XCBuildConfiguration;
			baseConfigurationReference = 7478F7A1BF70EB483A4A590F /* Pods.debug.xcconfig */;
			buildSettings = {
				ASSETCATALOG_COMPILER_APPICON_NAME = AppIcon;
				CODE_SIGN_IDENTITY = "iPhone Developer";
				INFOPLIST_FILE = "My First IOS App/Info.plist";
				IPHONEOS_DEPLOYMENT_TARGET = 9.2;
				LD_RUNPATH_SEARCH_PATHS = "$(inherited) @executable_path/Frameworks";
				PRODUCT_BUNDLE_IDENTIFIER = "com.tonilopezmr.My-First-IOS-App";
				PRODUCT_NAME = "$(TARGET_NAME)";
				TARGETED_DEVICE_FAMILY = "1,2";
			};
			name = Debug;
		};
		E252E12E1C5629690047FD08 /* Release */ = {
			isa = XCBuildConfiguration;
			baseConfigurationReference = 40CC989936D31E6E6431DECA /* Pods.release.xcconfig */;
			buildSettings = {
				ASSETCATALOG_COMPILER_APPICON_NAME = AppIcon;
				CODE_SIGN_IDENTITY = "iPhone Developer";
				INFOPLIST_FILE = "My First IOS App/Info.plist";
				IPHONEOS_DEPLOYMENT_TARGET = 9.2;
				LD_RUNPATH_SEARCH_PATHS = "$(inherited) @executable_path/Frameworks";
				PRODUCT_BUNDLE_IDENTIFIER = "com.tonilopezmr.My-First-IOS-App";
				PRODUCT_NAME = "$(TARGET_NAME)";
				TARGETED_DEVICE_FAMILY = "1,2";
			};
			name = Release;
		};
		E252E1301C5629690047FD08 /* Debug */ = {
			isa = XCBuildConfiguration;
			baseConfigurationReference = 4B43114BEDC5727B89EE5D9A /* Pods-My First IOS AppTests.debug.xcconfig */;
			buildSettings = {
				BUNDLE_LOADER = "$(TEST_HOST)";
				INFOPLIST_FILE = "My First IOS AppTests/Info.plist";
				LD_RUNPATH_SEARCH_PATHS = "$(inherited) @executable_path/Frameworks @loader_path/Frameworks";
				PRODUCT_BUNDLE_IDENTIFIER = "com.tonilopezmr.My-First-IOS-AppTests";
				PRODUCT_NAME = "$(TARGET_NAME)";
				TEST_HOST = "$(BUILT_PRODUCTS_DIR)/My First IOS App.app/My First IOS App";
			};
			name = Debug;
		};
		E252E1311C5629690047FD08 /* Release */ = {
			isa = XCBuildConfiguration;
			baseConfigurationReference = C19C9D1BF237E880FC6825F5 /* Pods-My First IOS AppTests.release.xcconfig */;
			buildSettings = {
				BUNDLE_LOADER = "$(TEST_HOST)";
				INFOPLIST_FILE = "My First IOS AppTests/Info.plist";
				LD_RUNPATH_SEARCH_PATHS = "$(inherited) @executable_path/Frameworks @loader_path/Frameworks";
				PRODUCT_BUNDLE_IDENTIFIER = "com.tonilopezmr.My-First-IOS-AppTests";
				PRODUCT_NAME = "$(TARGET_NAME)";
				TEST_HOST = "$(BUILT_PRODUCTS_DIR)/My First IOS App.app/My First IOS App";
			};
			name = Release;
		};
		E252E1331C5629690047FD08 /* Debug */ = {
			isa = XCBuildConfiguration;
			buildSettings = {
				INFOPLIST_FILE = "My First IOS AppUITests/Info.plist";
				LD_RUNPATH_SEARCH_PATHS = "$(inherited) @executable_path/Frameworks @loader_path/Frameworks";
				PRODUCT_BUNDLE_IDENTIFIER = "com.tonilopezmr.My-First-IOS-AppUITests";
				PRODUCT_NAME = "$(TARGET_NAME)";
				TEST_TARGET_NAME = "My First IOS App";
				USES_XCTRUNNER = YES;
			};
			name = Debug;
		};
		E252E1341C5629690047FD08 /* Release */ = {
			isa = XCBuildConfiguration;
			buildSettings = {
				INFOPLIST_FILE = "My First IOS AppUITests/Info.plist";
				LD_RUNPATH_SEARCH_PATHS = "$(inherited) @executable_path/Frameworks @loader_path/Frameworks";
				PRODUCT_BUNDLE_IDENTIFIER = "com.tonilopezmr.My-First-IOS-AppUITests";
				PRODUCT_NAME = "$(TARGET_NAME)";
				TEST_TARGET_NAME = "My First IOS App";
				USES_XCTRUNNER = YES;
			};
			name = Release;
		};
/* End XCBuildConfiguration section */

/* Begin XCConfigurationList section */
		E252E0FF1C5629690047FD08 /* Build configuration list for PBXProject "My First IOS App" */ = {
			isa = XCConfigurationList;
			buildConfigurations = (
				E252E12A1C5629690047FD08 /* Debug */,
				E252E12B1C5629690047FD08 /* Release */,
			);
			defaultConfigurationIsVisible = 0;
			defaultConfigurationName = Release;
		};
		E252E12C1C5629690047FD08 /* Build configuration list for PBXNativeTarget "My First IOS App" */ = {
			isa = XCConfigurationList;
			buildConfigurations = (
				E252E12D1C5629690047FD08 /* Debug */,
				E252E12E1C5629690047FD08 /* Release */,
			);
			defaultConfigurationIsVisible = 0;
			defaultConfigurationName = Release;
		};
		E252E12F1C5629690047FD08 /* Build configuration list for PBXNativeTarget "My First IOS AppTests" */ = {
			isa = XCConfigurationList;
			buildConfigurations = (
				E252E1301C5629690047FD08 /* Debug */,
				E252E1311C5629690047FD08 /* Release */,
			);
			defaultConfigurationIsVisible = 0;
			defaultConfigurationName = Release;
		};
		E252E1321C5629690047FD08 /* Build configuration list for PBXNativeTarget "My First IOS AppUITests" */ = {
			isa = XCConfigurationList;
			buildConfigurations = (
				E252E1331C5629690047FD08 /* Debug */,
				E252E1341C5629690047FD08 /* Release */,
			);
			defaultConfigurationIsVisible = 0;
			defaultConfigurationName = Release;
		};
/* End XCConfigurationList section */
	};
	rootObject = E252E0FC1C5629690047FD08 /* Project object */;
}
